# This file is automatically @generated by Cargo.
# It is not intended for manual editing.
[[package]]
name = "bitflags"
version = "1.2.1"
source = "registry+https://github.com/rust-lang/crates.io-index"

[[package]]
name = "modeltool"
version = "0.1.0"
dependencies = [
 "redox_intelflash 0.1.0 (registry+https://github.com/rust-lang/crates.io-index)",
 "system76_ecflash 0.1.2 (registry+https://github.com/rust-lang/crates.io-index)",
]

[[package]]
name = "plain"
version = "0.2.3"
source = "registry+https://github.com/rust-lang/crates.io-index"

[[package]]
name = "redox_intelflash"
version = "0.1.0"
source = "registry+https://github.com/rust-lang/crates.io-index"
dependencies = [
 "bitflags 1.2.1 (registry+https://github.com/rust-lang/crates.io-index)",
 "plain 0.2.3 (registry+https://github.com/rust-lang/crates.io-index)",
 "redox_uefi 0.1.0 (registry+https://github.com/rust-lang/crates.io-index)",
]

[[package]]
name = "redox_uefi"
version = "0.1.0"
source = "registry+https://github.com/rust-lang/crates.io-index"

[[package]]
name = "system76_ecflash"
version = "0.1.2"
source = "registry+https://github.com/rust-lang/crates.io-index"

[metadata]
"checksum bitflags 1.2.1 (registry+https://github.com/rust-lang/crates.io-index)" = "cf1de2fe8c75bc145a2f577add951f8134889b4795d47466a54a5c846d691693"
"checksum plain 0.2.3 (registry+https://github.com/rust-lang/crates.io-index)" = "b4596b6d070b27117e987119b4dac604f3c58cfb0b191112e24771b2faeac1a6"
"checksum redox_intelflash 0.1.0 (registry+https://github.com/rust-lang/crates.io-index)" = "49e6f45d8c070090589005869e0b776f52c735f9b5411fca369229135fa1dbd8"
"checksum redox_uefi 0.1.0 (registry+https://github.com/rust-lang/crates.io-index)" = "dafc50645c27c55ca19d27645a6d91e2a8cbc7aabb2ed024ce914512c75e1217"
"checksum system76_ecflash 0.1.2 (registry+https://github.com/rust-lang/crates.io-index)" = "18ead2ebfbf58e9ddf09b21562f834c1846e92553069120247568c3213c3a9fc"
